{
  "name": "inventaire-i18n",
  "version": "1.0.0",
  "lockfileVersion": 2,
  "requires": true,
  "packages": {
    "": {
      "name": "inventaire-i18n",
      "version": "1.0.0",
      "license": "AGPL-3.0",
      "dependencies": {
        "config": "^3.0.0",
        "node-fetch": "^2.6.0",
        "tiny-chalk": "^2.0.0",
        "transifexify": "^1.1.0",
        "wikidata-sdk": "^7.6.1"
      }
    },
    "node_modules/config": {
      "version": "3.0.0",
      "resolved": "https://registry.npmjs.org/config/-/config-3.0.0.tgz",
      "integrity": "sha512-QMr3BCOcHdgXx8t8cLfBhWtHcIAAMikaxUc2XASuH2A93g9kOIRch7sXFQdSvdMxhQobnctWm2y68YJYRttJlw==",
      "dependencies": {
        "json5": "^1.0.1"
      },
      "engines": {
        "node": ">= 6.0.0"
      }
    },
    "node_modules/json5": {
      "version": "1.0.1",
      "resolved": "http://registry.npmjs.org/json5/-/json5-1.0.1.tgz",
      "integrity": "sha512-aKS4WQjPenRxiQsC93MNfjx+nbF4PAdYzmd/1JIj8HYzqfbu86beTuNgXDzPknWk0n0uARlyewZo4s++ES36Ow==",
      "dependencies": {
        "minimist": "^1.2.0"
      },
      "bin": {
        "json5": "lib/cli.js"
      }
    },
    "node_modules/minimist": {
      "version": "1.2.0",
      "resolved": "http://registry.npmjs.org/minimist/-/minimist-1.2.0.tgz",
      "integrity": "sha1-o1AIsg9BOD7sH7kU9M1d95omQoQ="
    },
    "node_modules/node-fetch": {
      "version": "2.6.0",
      "resolved": "https://registry.npmjs.org/node-fetch/-/node-fetch-2.6.0.tgz",
      "integrity": "sha512-8dG4H5ujfvFiqDmVu9fQ5bOHUC15JMjMY/Zumv26oOvvVJjM67KF8koCWIabKQ1GJIa9r2mMZscBq/TbdOcmNA==",
      "engines": {
        "node": "4.x || >=6.0.0"
      }
    },
    "node_modules/tiny-chalk": {
      "version": "2.0.0",
      "resolved": "https://registry.npmjs.org/tiny-chalk/-/tiny-chalk-2.0.0.tgz",
      "integrity": "sha512-VmlS4LNkDR0jtpwBqCF6XGpRICC1dZqba1kgVUNRYLEP9ffNwTICuyvjmX14EbjXrOCU/YphYH1X3hoSqSdz4w=="
    },
    "node_modules/transifexify": {
      "version": "1.1.0",
      "resolved": "https://registry.npmjs.org/transifexify/-/transifexify-1.1.0.tgz",
      "integrity": "sha512-sCET1w7ztmhTUG92mOKv33gCk0BLTvFFlKsnq8hp/wRrzME+b4QpZ6JebewlJo8tETQu42rT2t9MgQdgVklckA==",
      "dependencies": {
        "tiny-chalk": "^2.0.0"
      },
      "bin": {
        "transifexify": "bin/transifexify"
      }
    },
    "node_modules/wikidata-sdk": {
      "version": "7.6.1",
      "resolved": "https://registry.npmjs.org/wikidata-sdk/-/wikidata-sdk-7.6.1.tgz",
      "integrity": "sha512-u6mQazslwwpGA+2DNJHWYKh89KMkv5x/IzOF5pbGBms5QHM3fvTbmSlsJSv+6jdZ0ti7IX5b06Fy94g7wYXHyw==",
      "dependencies": {
        "wikibase-sdk": "^7.6.1"
      },
      "engines": {
        "node": ">= 6.4"
      }
    },
    "node_modules/wikidata-sdk/node_modules/wikibase-sdk": {
      "version": "7.6.1",
      "resolved": "https://registry.npmjs.org/wikibase-sdk/-/wikibase-sdk-7.6.1.tgz",
      "integrity": "sha512-FCxreLiyO8csswXMZkivUwypWlEB7kLT/kzpHiB8XYY4Iqy0TO+Rjh12uJL6OeaC+eFB0OKQ9TVpTHj+mnYM8w==",
      "engines": {
        "node": ">= 6.4"
      }
    }
  },
  "dependencies": {
    "config": {
      "version": "3.0.0",
      "resolved": "https://registry.npmjs.org/config/-/config-3.0.0.tgz",
      "integrity": "sha512-QMr3BCOcHdgXx8t8cLfBhWtHcIAAMikaxUc2XASuH2A93g9kOIRch7sXFQdSvdMxhQobnctWm2y68YJYRttJlw==",
      "requires": {
        "json5": "^1.0.1"
      }
    },
    "json5": {
      "version": "1.0.1",
      "resolved": "http://registry.npmjs.org/json5/-/json5-1.0.1.tgz",
      "integrity": "sha512-aKS4WQjPenRxiQsC93MNfjx+nbF4PAdYzmd/1JIj8HYzqfbu86beTuNgXDzPknWk0n0uARlyewZo4s++ES36Ow==",
      "requires": {
        "minimist": "^1.2.0"
      }
    },
    "minimist": {
      "version": "1.2.0",
      "resolved": "http://registry.npmjs.org/minimist/-/minimist-1.2.0.tgz",
      "integrity": "sha1-o1AIsg9BOD7sH7kU9M1d95omQoQ="
    },
    "node-fetch": {
      "version": "2.6.0",
      "resolved": "https://registry.npmjs.org/node-fetch/-/node-fetch-2.6.0.tgz",
      "integrity": "sha512-8dG4H5ujfvFiqDmVu9fQ5bOHUC15JMjMY/Zumv26oOvvVJjM67KF8koCWIabKQ1GJIa9r2mMZscBq/TbdOcmNA=="
    },
    "tiny-chalk": {
      "version": "2.0.0",
      "resolved": "https://registry.npmjs.org/tiny-chalk/-/tiny-chalk-2.0.0.tgz",
      "integrity": "sha512-VmlS4LNkDR0jtpwBqCF6XGpRICC1dZqba1kgVUNRYLEP9ffNwTICuyvjmX14EbjXrOCU/YphYH1X3hoSqSdz4w=="
    },
    "transifexify": {
      "version": "1.1.0",
      "resolved": "https://registry.npmjs.org/transifexify/-/transifexify-1.1.0.tgz",
      "integrity": "sha512-sCET1w7ztmhTUG92mOKv33gCk0BLTvFFlKsnq8hp/wRrzME+b4QpZ6JebewlJo8tETQu42rT2t9MgQdgVklckA==",
      "requires": {
        "tiny-chalk": "^2.0.0"
      }
    },
    "wikidata-sdk": {
      "version": "7.6.1",
      "resolved": "https://registry.npmjs.org/wikidata-sdk/-/wikidata-sdk-7.6.1.tgz",
      "integrity": "sha512-u6mQazslwwpGA+2DNJHWYKh89KMkv5x/IzOF5pbGBms5QHM3fvTbmSlsJSv+6jdZ0ti7IX5b06Fy94g7wYXHyw==",
      "requires": {
        "wikibase-sdk": "^7.6.1"
      },
      "dependencies": {
        "wikibase-sdk": {
          "version": "7.6.1",
          "resolved": "https://registry.npmjs.org/wikibase-sdk/-/wikibase-sdk-7.6.1.tgz",
          "integrity": "sha512-FCxreLiyO8csswXMZkivUwypWlEB7kLT/kzpHiB8XYY4Iqy0TO+Rjh12uJL6OeaC+eFB0OKQ9TVpTHj+mnYM8w=="
        }
      }
    }
  }
}
